
Microsoft Visual Studio Solution File, Format Version 12.00
# Visual Studio Version 17
VisualStudioVersion = 17.8.34316.72
MinimumVisualStudioVersion = 10.0.40219.1
Project("{FAE04EC0-301F-11D3-BF4B-00C04F79EFBC}") = "disneylandvotingapp.Server", "disneylandvotingapp.Server\disneylandvotingapp.Server.csproj", "{7F829669-BE16-42FA-A982-962DFAFC7F0B}"
EndProject
Project("{54A90642-561A-4BB1-A94E-469ADEE60C69}") = "disneylandvotingapp.client", "disneylandvotingapp.client\disneylandvotingapp.client.esproj", "{AE46A819-0EAF-4DA8-AA81-F3C57F550B4C}"
EndProject
Global
	GlobalSection(SolutionConfigurationPlatforms) = preSolution
		Debug|Any CPU = Debug|Any CPU
		Release|Any CPU = Release|Any CPU
	EndGlobalSection
	GlobalSection(ProjectConfigurationPlatforms) = postSolution
		{7F829669-BE16-42FA-A982-962DFAFC7F0B}.Debug|Any CPU.ActiveCfg = Debug|Any CPU
		{7F829669-BE16-42FA-A982-962DFAFC7F0B}.Debug|Any CPU.Build.0 = Debug|Any CPU
		{7F829669-BE16-42FA-A982-962DFAFC7F0B}.Release|Any CPU.ActiveCfg = Release|Any CPU
		{7F829669-BE16-42FA-A982-962DFAFC7F0B}.Release|Any CPU.Build.0 = Release|Any CPU
		{AE46A819-0EAF-4DA8-AA81-F3C57F550B4C}.Debug|Any CPU.ActiveCfg = Debug|Any CPU
		{AE46A819-0EAF-4DA8-AA81-F3C57F550B4C}.Debug|Any CPU.Build.0 = Debug|Any CPU
		{AE46A819-0EAF-4DA8-AA81-F3C57F550B4C}.Debug|Any CPU.Deploy.0 = Debug|Any CPU
		{AE46A819-0EAF-4DA8-AA81-F3C57F550B4C}.Release|Any CPU.ActiveCfg = Release|Any CPU
		{AE46A819-0EAF-4DA8-AA81-F3C57F550B4C}.Release|Any CPU.Build.0 = Release|Any CPU
		{AE46A819-0EAF-4DA8-AA81-F3C57F550B4C}.Release|Any CPU.Deploy.0 = Release|Any CPU
	EndGlobalSection
	GlobalSection(SolutionProperties) = preSolution
		HideSolutionNode = FALSE
	EndGlobalSection
	GlobalSection(ExtensibilityGlobals) = postSolution
		SolutionGuid = {04F7F038-FB8A-4515-8CD2-C2A5E5489034}
	EndGlobalSection
EndGlobal
